
Microsoft Visual Studio Solution File, Format Version 12.00
# Visual Studio Version 17
VisualStudioVersion = 17.2.32519.379
MinimumVisualStudioVersion = 10.0.40219.1
Project("{9A19103F-16F7-4668-BE54-9A1E7A4F7556}") = "SingleResponsibility", "SingleResponsibility\SingleResponsibility.csproj", "{5CEF81CE-8FCC-4DA5-905F-B8F7CC38EC4D}"
EndProject
Project("{9A19103F-16F7-4668-BE54-9A1E7A4F7556}") = "OpenClosed", "OpenClosed\OpenClosed.csproj", "{263B0392-AB5B-444C-9989-CA8CF567420F}"
EndProject
Project("{9A19103F-16F7-4668-BE54-9A1E7A4F7556}") = "OpenClosedRefactor", "OpenClosedRefactor\OpenClosedRefactor.csproj", "{F49A6E5F-14AB-4A49-A892-6EBEC0F69A10}"
EndProject
Project("{FAE04EC0-301F-11D3-BF4B-00C04F79EFBC}") = "Liskov", "Liskov\Liskov.csproj", "{DA0515EC-4E51-4DC7-9981-38B18483CA91}"
EndProject
Project("{FAE04EC0-301F-11D3-BF4B-00C04F79EFBC}") = "LiskovRefactor", "LiskovRefactor\LiskovRefactor.csproj", "{AA15B61D-FD27-4F6C-B921-65AFB8135CC0}"
EndProject
Project("{FAE04EC0-301F-11D3-BF4B-00C04F79EFBC}") = "InterfaceSegregation", "InterfaceSegragation\InterfaceSegregation.csproj", "{6A363F1F-0B56-4345-BC54-0D705BB09899}"
EndProject
Project("{FAE04EC0-301F-11D3-BF4B-00C04F79EFBC}") = "InterfaceSegregationRefactor", "InterfaceSegregationRefactor\InterfaceSegregationRefactor.csproj", "{24D38496-E2B0-42E2-A12F-3F43246DA317}"
EndProject
Global
	GlobalSection(SolutionConfigurationPlatforms) = preSolution
		Debug|Any CPU = Debug|Any CPU
		Release|Any CPU = Release|Any CPU
	EndGlobalSection
	GlobalSection(ProjectConfigurationPlatforms) = postSolution
		{5CEF81CE-8FCC-4DA5-905F-B8F7CC38EC4D}.Debug|Any CPU.ActiveCfg = Debug|Any CPU
		{5CEF81CE-8FCC-4DA5-905F-B8F7CC38EC4D}.Debug|Any CPU.Build.0 = Debug|Any CPU
		{5CEF81CE-8FCC-4DA5-905F-B8F7CC38EC4D}.Release|Any CPU.ActiveCfg = Release|Any CPU
		{5CEF81CE-8FCC-4DA5-905F-B8F7CC38EC4D}.Release|Any CPU.Build.0 = Release|Any CPU
		{263B0392-AB5B-444C-9989-CA8CF567420F}.Debug|Any CPU.ActiveCfg = Debug|Any CPU
		{263B0392-AB5B-444C-9989-CA8CF567420F}.Debug|Any CPU.Build.0 = Debug|Any CPU
		{263B0392-AB5B-444C-9989-CA8CF567420F}.Release|Any CPU.ActiveCfg = Release|Any CPU
		{263B0392-AB5B-444C-9989-CA8CF567420F}.Release|Any CPU.Build.0 = Release|Any CPU
		{F49A6E5F-14AB-4A49-A892-6EBEC0F69A10}.Debug|Any CPU.ActiveCfg = Debug|Any CPU
		{F49A6E5F-14AB-4A49-A892-6EBEC0F69A10}.Debug|Any CPU.Build.0 = Debug|Any CPU
		{F49A6E5F-14AB-4A49-A892-6EBEC0F69A10}.Release|Any CPU.ActiveCfg = Release|Any CPU
		{F49A6E5F-14AB-4A49-A892-6EBEC0F69A10}.Release|Any CPU.Build.0 = Release|Any CPU
		{DA0515EC-4E51-4DC7-9981-38B18483CA91}.Debug|Any CPU.ActiveCfg = Debug|Any CPU
		{DA0515EC-4E51-4DC7-9981-38B18483CA91}.Debug|Any CPU.Build.0 = Debug|Any CPU
		{DA0515EC-4E51-4DC7-9981-38B18483CA91}.Release|Any CPU.ActiveCfg = Release|Any CPU
		{DA0515EC-4E51-4DC7-9981-38B18483CA91}.Release|Any CPU.Build.0 = Release|Any CPU
		{AA15B61D-FD27-4F6C-B921-65AFB8135CC0}.Debug|Any CPU.ActiveCfg = Debug|Any CPU
		{AA15B61D-FD27-4F6C-B921-65AFB8135CC0}.Debug|Any CPU.Build.0 = Debug|Any CPU
		{AA15B61D-FD27-4F6C-B921-65AFB8135CC0}.Release|Any CPU.ActiveCfg = Release|Any CPU
		{AA15B61D-FD27-4F6C-B921-65AFB8135CC0}.Release|Any CPU.Build.0 = Release|Any CPU
		{6A363F1F-0B56-4345-BC54-0D705BB09899}.Debug|Any CPU.ActiveCfg = Debug|Any CPU
		{6A363F1F-0B56-4345-BC54-0D705BB09899}.Debug|Any CPU.Build.0 = Debug|Any CPU
		{6A363F1F-0B56-4345-BC54-0D705BB09899}.Release|Any CPU.ActiveCfg = Release|Any CPU
		{6A363F1F-0B56-4345-BC54-0D705BB09899}.Release|Any CPU.Build.0 = Release|Any CPU
		{24D38496-E2B0-42E2-A12F-3F43246DA317}.Debug|Any CPU.ActiveCfg = Debug|Any CPU
		{24D38496-E2B0-42E2-A12F-3F43246DA317}.Debug|Any CPU.Build.0 = Debug|Any CPU
		{24D38496-E2B0-42E2-A12F-3F43246DA317}.Release|Any CPU.ActiveCfg = Release|Any CPU
		{24D38496-E2B0-42E2-A12F-3F43246DA317}.Release|Any CPU.Build.0 = Release|Any CPU
	EndGlobalSection
	GlobalSection(SolutionProperties) = preSolution
		HideSolutionNode = FALSE
	EndGlobalSection
	GlobalSection(ExtensibilityGlobals) = postSolution
		SolutionGuid = {93D19F7A-69A8-4DCB-A574-AB2100C5DA1D}
	EndGlobalSection
EndGlobal
